
Microsoft Visual Studio Solution File, Format Version 12.00
# Visual Studio Version 16
VisualStudioVersion = 16.0.30907.101
MinimumVisualStudioVersion = 10.0.40219.1
Project("{FAE04EC0-301F-11D3-BF4B-00C04F79EFBC}") = "GameJoltAPI_Core", "GameJoltAPI\GameJoltAPI_Core.csproj", "{3FD9D3A7-F949-4B5F-914A-066D522076D1}"
EndProject
Project("{FAE04EC0-301F-11D3-BF4B-00C04F79EFBC}") = "GameJoltAPI_Trophies", "GameJoltAPI_Trophies\GameJoltAPI_Trophies.csproj", "{993498EC-B302-47F4-8987-E74B10B45897}"
EndProject
Project("{FAE04EC0-301F-11D3-BF4B-00C04F79EFBC}") = "GameJoltAPIExample", "GameJoltAPIExample\GameJoltAPIExample.csproj", "{F059888A-48A1-40C3-AEC7-6AC92E877519}"
EndProject
Project("{FAE04EC0-301F-11D3-BF4B-00C04F79EFBC}") = "GameJoltAPI_Users", "GameJoltAPI_Users\GameJoltAPI_Users.csproj", "{FDA465D4-C9BF-40F3-9D08-D0ACED59CC8A}"
EndProject
Global
	GlobalSection(SolutionConfigurationPlatforms) = preSolution
		Debug|Any CPU = Debug|Any CPU
		Release|Any CPU = Release|Any CPU
	EndGlobalSection
	GlobalSection(ProjectConfigurationPlatforms) = postSolution
		{3FD9D3A7-F949-4B5F-914A-066D522076D1}.Debug|Any CPU.ActiveCfg = Debug|Any CPU
		{3FD9D3A7-F949-4B5F-914A-066D522076D1}.Debug|Any CPU.Build.0 = Debug|Any CPU
		{3FD9D3A7-F949-4B5F-914A-066D522076D1}.Release|Any CPU.ActiveCfg = Release|Any CPU
		{3FD9D3A7-F949-4B5F-914A-066D522076D1}.Release|Any CPU.Build.0 = Release|Any CPU
		{993498EC-B302-47F4-8987-E74B10B45897}.Debug|Any CPU.ActiveCfg = Debug|Any CPU
		{993498EC-B302-47F4-8987-E74B10B45897}.Debug|Any CPU.Build.0 = Debug|Any CPU
		{993498EC-B302-47F4-8987-E74B10B45897}.Release|Any CPU.ActiveCfg = Release|Any CPU
		{993498EC-B302-47F4-8987-E74B10B45897}.Release|Any CPU.Build.0 = Release|Any CPU
		{F059888A-48A1-40C3-AEC7-6AC92E877519}.Debug|Any CPU.ActiveCfg = Debug|Any CPU
		{F059888A-48A1-40C3-AEC7-6AC92E877519}.Debug|Any CPU.Build.0 = Debug|Any CPU
		{F059888A-48A1-40C3-AEC7-6AC92E877519}.Release|Any CPU.ActiveCfg = Release|Any CPU
		{F059888A-48A1-40C3-AEC7-6AC92E877519}.Release|Any CPU.Build.0 = Release|Any CPU
		{FDA465D4-C9BF-40F3-9D08-D0ACED59CC8A}.Debug|Any CPU.ActiveCfg = Debug|Any CPU
		{FDA465D4-C9BF-40F3-9D08-D0ACED59CC8A}.Debug|Any CPU.Build.0 = Debug|Any CPU
		{FDA465D4-C9BF-40F3-9D08-D0ACED59CC8A}.Release|Any CPU.ActiveCfg = Release|Any CPU
		{FDA465D4-C9BF-40F3-9D08-D0ACED59CC8A}.Release|Any CPU.Build.0 = Release|Any CPU
	EndGlobalSection
	GlobalSection(SolutionProperties) = preSolution
		HideSolutionNode = FALSE
	EndGlobalSection
	GlobalSection(ExtensibilityGlobals) = postSolution
		SolutionGuid = {A944E5FD-C26C-4565-8848-FBD378964D5A}
	EndGlobalSection
EndGlobal
